
Microsoft Visual Studio Solution File, Format Version 12.00
# Visual Studio Version 17
VisualStudioVersion = 17.3.32901.215
MinimumVisualStudioVersion = 10.0.40219.1
Project("{FAE04EC0-301F-11D3-BF4B-00C04F79EFBC}") = "MyLib", "MyLib\MyLib.csproj", "{716415B5-B7F7-46CC-8A5F-608A43051F0C}"
EndProject
Global
	GlobalSection(SolutionConfigurationPlatforms) = preSolution
		Debug|Any CPU = Debug|Any CPU
		Release|Any CPU = Release|Any CPU
	EndGlobalSection
	GlobalSection(ProjectConfigurationPlatforms) = postSolution
		{716415B5-B7F7-46CC-8A5F-608A43051F0C}.Debug|Any CPU.ActiveCfg = Debug|Any CPU
		{716415B5-B7F7-46CC-8A5F-608A43051F0C}.Debug|Any CPU.Build.0 = Debug|Any CPU
		{716415B5-B7F7-46CC-8A5F-608A43051F0C}.Release|Any CPU.ActiveCfg = Release|Any CPU
		{716415B5-B7F7-46CC-8A5F-608A43051F0C}.Release|Any CPU.Build.0 = Release|Any CPU
	EndGlobalSection
	GlobalSection(SolutionProperties) = preSolution
		HideSolutionNode = FALSE
	EndGlobalSection
	GlobalSection(ExtensibilityGlobals) = postSolution
		SolutionGuid = {7FB9751E-3335-49D2-9E0E-66D330B30F9B}
	EndGlobalSection
EndGlobal
